// !$*UTF8*$!
{
	archiveVersion = 1;
	classes = {
	};
	objectVersion = 50;
	objects = {

/* Begin PBXFileReference section */
		C5490E1A2417890600DDCC91 /* categ1.html */ = {isa = PBXFileReference; lastKnownFileType = text.html; path = categ1.html; sourceTree = "<group>"; };
		C5490E1B24178A9900DDCC91 /* categ2.html */ = {isa = PBXFileReference; lastKnownFileType = text.html; path = categ2.html; sourceTree = "<group>"; };
		C5490E1C24178AB500DDCC91 /* categ3.html */ = {isa = PBXFileReference; lastKnownFileType = text.html; path = categ3.html; sourceTree = "<group>"; };
		C5490E1D24178ACF00DDCC91 /* subcateg1.html */ = {isa = PBXFileReference; lastKnownFileType = text.html; path = subcateg1.html; sourceTree = "<group>"; };
		C5490E1E24178AE700DDCC91 /* subcateg2.html */ = {isa = PBXFileReference; lastKnownFileType = text.html; path = subcateg2.html; sourceTree = "<group>"; };
		C5695C0A2435053100FD3E08 /* proiect.css */ = {isa = PBXFileReference; lastKnownFileType = text.css; path = proiect.css; sourceTree = "<group>"; };
		C59DA733240ED29B00D54C42 /* index.html */ = {isa = PBXFileReference; lastKnownFileType = text.html; path = index.html; sourceTree = "<group>"; };
/* End PBXFileReference section */

/* Begin PBXGroup section */
		C59DA72C240ED23600D54C42 = {
			isa = PBXGroup;
			children = (
				C59DA733240ED29B00D54C42 /* index.html */,
				C5695C0A2435053100FD3E08 /* proiect.css */,
				C5490E1D24178ACF00DDCC91 /* subcateg1.html */,
				C5490E1E24178AE700DDCC91 /* subcateg2.html */,
				C5490E1A2417890600DDCC91 /* categ1.html */,
				C5490E1B24178A9900DDCC91 /* categ2.html */,
				C5490E1C24178AB500DDCC91 /* categ3.html */,
			);
			sourceTree = "<group>";
		};
/* End PBXGroup section */

/* Begin PBXProject section */
		C59DA72D240ED23600D54C42 /* Project object */ = {
			isa = PBXProject;
			attributes = {
				LastUpgradeCheck = 1130;
			};
			buildConfigurationList = C59DA730240ED23600D54C42 /* Build configuration list for PBXProject "home1" */;
			compatibilityVersion = "Xcode 9.3";
			developmentRegion = en;
			hasScannedForEncodings = 0;
			knownRegions = (
				en,
				Base,
			);
			mainGroup = C59DA72C240ED23600D54C42;
			projectDirPath = "";
			projectRoot = "";
			targets = (
			);
		};
/* End PBXProject section */

/* Begin XCBuildConfiguration section */
		C59DA731240ED23600D54C42 /* Debug */ = {
			isa = XCBuildConfiguration;
			buildSettings = {
			};
			name = Debug;
		};
		C59DA732240ED23600D54C42 /* Release */ = {
			isa = XCBuildConfiguration;
			buildSettings = {
			};
			name = Release;
		};
/* End XCBuildConfiguration section */

/* Begin XCConfigurationList section */
		C59DA730240ED23600D54C42 /* Build configuration list for PBXProject "home1" */ = {
			isa = XCConfigurationList;
			buildConfigurations = (
				C59DA731240ED23600D54C42 /* Debug */,
				C59DA732240ED23600D54C42 /* Release */,
			);
			defaultConfigurationIsVisible = 0;
			defaultConfigurationName = Release;
		};
/* End XCConfigurationList section */
	};
	rootObject = C59DA72D240ED23600D54C42 /* Project object */;
}
